
Microsoft Visual Studio Solution File, Format Version 12.00
# Visual Studio 15
VisualStudioVersion = 15.0.27703.2042
MinimumVisualStudioVersion = 10.0.40219.1
Project("{FAE04EC0-301F-11D3-BF4B-00C04F79EFBC}") = "WpfHw-7", "WpfHw-7\WpfHw-7.csproj", "{87D58F87-BF93-44EC-91C4-788981C3CFFF}"
EndProject
Global
	GlobalSection(SolutionConfigurationPlatforms) = preSolution
		Debug|Any CPU = Debug|Any CPU
		Release|Any CPU = Release|Any CPU
	EndGlobalSection
	GlobalSection(ProjectConfigurationPlatforms) = postSolution
		{87D58F87-BF93-44EC-91C4-788981C3CFFF}.Debug|Any CPU.ActiveCfg = Debug|Any CPU
		{87D58F87-BF93-44EC-91C4-788981C3CFFF}.Debug|Any CPU.Build.0 = Debug|Any CPU
		{87D58F87-BF93-44EC-91C4-788981C3CFFF}.Release|Any CPU.ActiveCfg = Release|Any CPU
		{87D58F87-BF93-44EC-91C4-788981C3CFFF}.Release|Any CPU.Build.0 = Release|Any CPU
	EndGlobalSection
	GlobalSection(SolutionProperties) = preSolution
		HideSolutionNode = FALSE
	EndGlobalSection
	GlobalSection(ExtensibilityGlobals) = postSolution
		SolutionGuid = {5B3BF3AD-F5EC-45A9-BBD1-F14BBAAAD5A5}
	EndGlobalSection
EndGlobal
